{
  "name": "yarn-github-workflow-test",
  "version": "1.2.0",
  "lockfileVersion": 2,
  "requires": true,
  "packages": {
    "": {
      "name": "yarn-github-workflow-test",
      "version": "1.2.0",
      "license": "MIT",
      "dependencies": {
        "yarn-github-workflow-test": "^1.2.1"
      }
    },
    "node_modules/yarn-github-workflow-test": {
      "version": "1.2.1",
      "resolved": "https://registry.npmjs.org/yarn-github-workflow-test/-/yarn-github-workflow-test-1.2.1.tgz",
      "integrity": "sha512-oeayzYBCgzmAO1u4NMijxMUmHzoCn87QpW2TUg8ysCSkVdz2RGWwJOxWowttg0qTehrZiPoZuhc3bdsBfiizEg=="
    }
  },
  "dependencies": {
    "yarn-github-workflow-test": {
      "version": "1.2.1",
      "resolved": "https://registry.npmjs.org/yarn-github-workflow-test/-/yarn-github-workflow-test-1.2.1.tgz",
      "integrity": "sha512-oeayzYBCgzmAO1u4NMijxMUmHzoCn87QpW2TUg8ysCSkVdz2RGWwJOxWowttg0qTehrZiPoZuhc3bdsBfiizEg=="
    }
  }
}
